
Microsoft Visual Studio Solution File, Format Version 11.00
# Visual Studio 2010
Project("{FAE04EC0-301F-11D3-BF4B-00C04F79EFBC}") = "QATestLog", "QATestLog\QATestLog.csproj", "{402A519C-CEFF-425F-9BCF-8A846B223F72}"
EndProject
Project("{FAE04EC0-301F-11D3-BF4B-00C04F79EFBC}") = "QATestLog.UnitTests", "QATestLog.UnitTests\QATestLog.UnitTests.csproj", "{6AD6D008-D54B-4ACC-96E1-83BD4A40775A}"
EndProject
Project("{FAE04EC0-301F-11D3-BF4B-00C04F79EFBC}") = "QATestLog.MVC", "QATestLog.MVC\QATestLog.MVC.csproj", "{57936D3B-5935-44FD-B3F5-DE7665157CC4}"
EndProject
Global
	GlobalSection(SolutionConfigurationPlatforms) = preSolution
		Debug|Any CPU = Debug|Any CPU
		Release|Any CPU = Release|Any CPU
	EndGlobalSection
	GlobalSection(ProjectConfigurationPlatforms) = postSolution
		{402A519C-CEFF-425F-9BCF-8A846B223F72}.Debug|Any CPU.ActiveCfg = Debug|Any CPU
		{402A519C-CEFF-425F-9BCF-8A846B223F72}.Debug|Any CPU.Build.0 = Debug|Any CPU
		{402A519C-CEFF-425F-9BCF-8A846B223F72}.Release|Any CPU.ActiveCfg = Release|Any CPU
		{402A519C-CEFF-425F-9BCF-8A846B223F72}.Release|Any CPU.Build.0 = Release|Any CPU
		{6AD6D008-D54B-4ACC-96E1-83BD4A40775A}.Debug|Any CPU.ActiveCfg = Debug|Any CPU
		{6AD6D008-D54B-4ACC-96E1-83BD4A40775A}.Debug|Any CPU.Build.0 = Debug|Any CPU
		{6AD6D008-D54B-4ACC-96E1-83BD4A40775A}.Release|Any CPU.ActiveCfg = Release|Any CPU
		{6AD6D008-D54B-4ACC-96E1-83BD4A40775A}.Release|Any CPU.Build.0 = Release|Any CPU
		{57936D3B-5935-44FD-B3F5-DE7665157CC4}.Debug|Any CPU.ActiveCfg = Debug|Any CPU
		{57936D3B-5935-44FD-B3F5-DE7665157CC4}.Debug|Any CPU.Build.0 = Debug|Any CPU
		{57936D3B-5935-44FD-B3F5-DE7665157CC4}.Release|Any CPU.ActiveCfg = Release|Any CPU
		{57936D3B-5935-44FD-B3F5-DE7665157CC4}.Release|Any CPU.Build.0 = Release|Any CPU
	EndGlobalSection
	GlobalSection(SolutionProperties) = preSolution
		HideSolutionNode = FALSE
	EndGlobalSection
EndGlobal
